
Microsoft Visual Studio Solution File, Format Version 12.00
# Visual Studio Version 16
VisualStudioVersion = 16.0.32929.386
MinimumVisualStudioVersion = 10.0.40219.1
Project("{FAE04EC0-301F-11D3-BF4B-00C04F79EFBC}") = "DataAccesslayers", "DataAccesslayers\DataAccesslayers.csproj", "{5D8EC564-3682-4791-994C-C9A79EEA43C7}"
EndProject
Project("{FAE04EC0-301F-11D3-BF4B-00C04F79EFBC}") = "Bussinesslayerkavi", "Bussinesslayerkavi\Bussinesslayerkavi.csproj", "{CF6096EF-7DB3-4643-A8C1-CD48AFB0BE28}"
EndProject
Project("{FAE04EC0-301F-11D3-BF4B-00C04F79EFBC}") = "DoctorsDetail", "DoctorsDetail\DoctorsDetail.csproj", "{0ECB0DBE-CE6D-4C96-8275-5EB4B54E1892}"
EndProject
Global
	GlobalSection(SolutionConfigurationPlatforms) = preSolution
		Debug|Any CPU = Debug|Any CPU
		Release|Any CPU = Release|Any CPU
	EndGlobalSection
	GlobalSection(ProjectConfigurationPlatforms) = postSolution
		{5D8EC564-3682-4791-994C-C9A79EEA43C7}.Debug|Any CPU.ActiveCfg = Debug|Any CPU
		{5D8EC564-3682-4791-994C-C9A79EEA43C7}.Debug|Any CPU.Build.0 = Debug|Any CPU
		{5D8EC564-3682-4791-994C-C9A79EEA43C7}.Release|Any CPU.ActiveCfg = Release|Any CPU
		{5D8EC564-3682-4791-994C-C9A79EEA43C7}.Release|Any CPU.Build.0 = Release|Any CPU
		{CF6096EF-7DB3-4643-A8C1-CD48AFB0BE28}.Debug|Any CPU.ActiveCfg = Debug|Any CPU
		{CF6096EF-7DB3-4643-A8C1-CD48AFB0BE28}.Debug|Any CPU.Build.0 = Debug|Any CPU
		{CF6096EF-7DB3-4643-A8C1-CD48AFB0BE28}.Release|Any CPU.ActiveCfg = Release|Any CPU
		{CF6096EF-7DB3-4643-A8C1-CD48AFB0BE28}.Release|Any CPU.Build.0 = Release|Any CPU
		{0ECB0DBE-CE6D-4C96-8275-5EB4B54E1892}.Debug|Any CPU.ActiveCfg = Debug|Any CPU
		{0ECB0DBE-CE6D-4C96-8275-5EB4B54E1892}.Debug|Any CPU.Build.0 = Debug|Any CPU
		{0ECB0DBE-CE6D-4C96-8275-5EB4B54E1892}.Release|Any CPU.ActiveCfg = Release|Any CPU
		{0ECB0DBE-CE6D-4C96-8275-5EB4B54E1892}.Release|Any CPU.Build.0 = Release|Any CPU
	EndGlobalSection
	GlobalSection(SolutionProperties) = preSolution
		HideSolutionNode = FALSE
	EndGlobalSection
	GlobalSection(ExtensibilityGlobals) = postSolution
		SolutionGuid = {3DE83C3E-5CA5-4B3D-973C-EBEACB739C49}
	EndGlobalSection
EndGlobal
